{
  "object": {
    "pins": [
      {
        "package": "SwiftSoup",
        "repositoryURL": "https://github.com/scinfu/SwiftSoup",
        "state": {
          "branch": null,
          "revision": "3fa09f4d79e5172b14cb50e02f1d5f115a2bbaef",
          "version": "2.3.4"
        }
      }
    ]
  },
  "version": 1
}
