// !$*UTF8*$!
{
	archiveVersion = 1;
	classes = {
	};
	objectVersion = 55;
	objects = {

/* Begin PBXBuildFile section */
		C90495D32782736F001C2DD3 /* +UIScreen.swift in Sources */ = {isa = PBXBuildFile; fileRef = C90495D22782736F001C2DD3 /* +UIScreen.swift */; };
		C90846092780D7E2005E865C /* URLManager.swift in Sources */ = {isa = PBXBuildFile; fileRef = C90846082780D7E2005E865C /* URLManager.swift */; };
		C908460B27811463005E865C /* MultipleSelectionList.swift in Sources */ = {isa = PBXBuildFile; fileRef = C908460A27811463005E865C /* MultipleSelectionList.swift */; };
		C908460D278121CB005E865C /* AddCategoryView.swift in Sources */ = {isa = PBXBuildFile; fileRef = C908460C278121CB005E865C /* AddCategoryView.swift */; };
		C908460F27812950005E865C /* SFSymbols.swift in Sources */ = {isa = PBXBuildFile; fileRef = C908460E27812950005E865C /* SFSymbols.swift */; };
		C95A31F12787BFD5000F561B /* Lottie in Frameworks */ = {isa = PBXBuildFile; productRef = C95A31F02787BFD5000F561B /* Lottie */; };
		C95A31F32787BFE3000F561B /* LottieView.swift in Sources */ = {isa = PBXBuildFile; fileRef = C95A31F22787BFE3000F561B /* LottieView.swift */; };
		C95A320E2787CEB1000F561B /* UniformTypeIdentifiers.framework in Frameworks */ = {isa = PBXBuildFile; fileRef = C95A320D2787CEB1000F561B /* UniformTypeIdentifiers.framework */; };
		C95A32112787CEB1000F561B /* Media.xcassets in Resources */ = {isa = PBXBuildFile; fileRef = C95A32102787CEB1000F561B /* Media.xcassets */; };
		C95A32132787CEB1000F561B /* ActionViewController.swift in Sources */ = {isa = PBXBuildFile; fileRef = C95A32122787CEB1000F561B /* ActionViewController.swift */; };
		C95A32162787CEB1000F561B /* MainInterface.storyboard in Resources */ = {isa = PBXBuildFile; fileRef = C95A32142787CEB1000F561B /* MainInterface.storyboard */; };
		C95A321A2787CEB1000F561B /* OpenInUrlyAction.appex in Embed App Extensions */ = {isa = PBXBuildFile; fileRef = C95A320B2787CEB1000F561B /* OpenInUrlyAction.appex */; settings = {ATTRIBUTES = (RemoveHeadersOnCopy, ); }; };
		C963ACEA2774B9BD000D6461 /* AppDelegate.swift in Sources */ = {isa = PBXBuildFile; fileRef = C963ACE92774B9BD000D6461 /* AppDelegate.swift */; };
		C963ACEC2774B9BD000D6461 /* SceneDelegate.swift in Sources */ = {isa = PBXBuildFile; fileRef = C963ACEB2774B9BD000D6461 /* SceneDelegate.swift */; };
		C963ACF42774B9BD000D6461 /* Urly.xcdatamodeld in Sources */ = {isa = PBXBuildFile; fileRef = C963ACF22774B9BD000D6461 /* Urly.xcdatamodeld */; };
		C963ACF62774B9BE000D6461 /* Assets.xcassets in Resources */ = {isa = PBXBuildFile; fileRef = C963ACF52774B9BE000D6461 /* Assets.xcassets */; };
		C963ACF92774B9BE000D6461 /* LaunchScreen.storyboard in Resources */ = {isa = PBXBuildFile; fileRef = C963ACF72774B9BE000D6461 /* LaunchScreen.storyboard */; };
		C963AD012774BFD8000D6461 /* HomeView.swift in Sources */ = {isa = PBXBuildFile; fileRef = C963AD002774BFD8000D6461 /* HomeView.swift */; };
		C963AD032774D4B3000D6461 /* LinkCellView.swift in Sources */ = {isa = PBXBuildFile; fileRef = C963AD022774D4B3000D6461 /* LinkCellView.swift */; };
		C963AD052774D9EF000D6461 /* MetaFetcher.swift in Sources */ = {isa = PBXBuildFile; fileRef = C963AD042774D9EF000D6461 /* MetaFetcher.swift */; };
		C977D08A278519360015169D /* LinkCounterText.swift in Sources */ = {isa = PBXBuildFile; fileRef = C977D089278519360015169D /* LinkCounterText.swift */; };
		C984951D2781D447003C2A61 /* LinkList.swift in Sources */ = {isa = PBXBuildFile; fileRef = C984951C2781D447003C2A61 /* LinkList.swift */; };
		C984951F2781D486003C2A61 /* LinkListViewModel.swift in Sources */ = {isa = PBXBuildFile; fileRef = C984951E2781D486003C2A61 /* LinkListViewModel.swift */; };
		C98B0665277BCA4A00939B71 /* SwiftSoup in Frameworks */ = {isa = PBXBuildFile; productRef = C98B0664277BCA4A00939B71 /* SwiftSoup */; };
		C98B0667277BD4BA00939B71 /* AwareBackgroundColor.swift in Sources */ = {isa = PBXBuildFile; fileRef = C98B0666277BD4BA00939B71 /* AwareBackgroundColor.swift */; };
		C9A9762E27837B5000B5AC1E /* LinkDetailView.swift in Sources */ = {isa = PBXBuildFile; fileRef = C9A9762D27837B5000B5AC1E /* LinkDetailView.swift */; };
		C9DACA462777A09E00F20A9C /* MainFolder.swift in Sources */ = {isa = PBXBuildFile; fileRef = C9DACA452777A09E00F20A9C /* MainFolder.swift */; };
		C9DACA482777A0C600F20A9C /* SectionTitle.swift in Sources */ = {isa = PBXBuildFile; fileRef = C9DACA472777A0C600F20A9C /* SectionTitle.swift */; };
		C9DACA4C2777A2CF00F20A9C /* Tag.swift in Sources */ = {isa = PBXBuildFile; fileRef = C9DACA4B2777A2CF00F20A9C /* Tag.swift */; };
		C9DACA4E2777AD5000F20A9C /* Link.swift in Sources */ = {isa = PBXBuildFile; fileRef = C9DACA4D2777AD5000F20A9C /* Link.swift */; };
		C9DACA502777AD5800F20A9C /* Group.swift in Sources */ = {isa = PBXBuildFile; fileRef = C9DACA4F2777AD5800F20A9C /* Group.swift */; };
		C9DACA522777B63600F20A9C /* BottomBarButtonConfig.swift in Sources */ = {isa = PBXBuildFile; fileRef = C9DACA512777B63600F20A9C /* BottomBarButtonConfig.swift */; };
		C9DACA542777B8F100F20A9C /* ListLabelImage.swift in Sources */ = {isa = PBXBuildFile; fileRef = C9DACA532777B8F100F20A9C /* ListLabelImage.swift */; };
		C9DACA562777BABB00F20A9C /* +Color.swift in Sources */ = {isa = PBXBuildFile; fileRef = C9DACA552777BABB00F20A9C /* +Color.swift */; };
		C9DACA592777C5CB00F20A9C /* HomeViewModel.swift in Sources */ = {isa = PBXBuildFile; fileRef = C9DACA582777C5CB00F20A9C /* HomeViewModel.swift */; };
		C9DACA5B2777D28000F20A9C /* AddLinkView.swift in Sources */ = {isa = PBXBuildFile; fileRef = C9DACA5A2777D28000F20A9C /* AddLinkView.swift */; };
		C9FCEA8D27813E5700E44791 /* TagStorage.swift in Sources */ = {isa = PBXBuildFile; fileRef = C9FCEA8C27813E5700E44791 /* TagStorage.swift */; };
		C9FCEA8F27813F0400E44791 /* Persistence.swift in Sources */ = {isa = PBXBuildFile; fileRef = C9FCEA8E27813F0400E44791 /* Persistence.swift */; };
		C9FCEA91278141C400E44791 /* GroupStorage.swift in Sources */ = {isa = PBXBuildFile; fileRef = C9FCEA90278141C400E44791 /* GroupStorage.swift */; };
		C9FCEA9327815BF500E44791 /* LinkStorage.swift in Sources */ = {isa = PBXBuildFile; fileRef = C9FCEA9227815BF500E44791 /* LinkStorage.swift */; };
		C9FCEA9527815F1F00E44791 /* SelectionList.swift in Sources */ = {isa = PBXBuildFile; fileRef = C9FCEA9427815F1F00E44791 /* SelectionList.swift */; };
/* End PBXBuildFile section */

/* Begin PBXContainerItemProxy section */
		C95A32182787CEB1000F561B /* PBXContainerItemProxy */ = {
			isa = PBXContainerItemProxy;
			containerPortal = C963ACDE2774B9BD000D6461 /* Project object */;
			proxyType = 1;
			remoteGlobalIDString = C95A320A2787CEB1000F561B;
			remoteInfo = OpenInUrlyAction;
		};
/* End PBXContainerItemProxy section */

/* Begin PBXCopyFilesBuildPhase section */
		C95A32062787C386000F561B /* Embed App Extensions */ = {
			isa = PBXCopyFilesBuildPhase;
			buildActionMask = 2147483647;
			dstPath = "";
			dstSubfolderSpec = 13;
			files = (
				C95A321A2787CEB1000F561B /* OpenInUrlyAction.appex in Embed App Extensions */,
			);
			name = "Embed App Extensions";
			runOnlyForDeploymentPostprocessing = 0;
		};
/* End PBXCopyFilesBuildPhase section */

/* Begin PBXFileReference section */
		C90495D22782736F001C2DD3 /* +UIScreen.swift */ = {isa = PBXFileReference; lastKnownFileType = sourcecode.swift; path = "+UIScreen.swift"; sourceTree = "<group>"; };
		C90846082780D7E2005E865C /* URLManager.swift */ = {isa = PBXFileReference; lastKnownFileType = sourcecode.swift; path = URLManager.swift; sourceTree = "<group>"; };
		C908460A27811463005E865C /* MultipleSelectionList.swift */ = {isa = PBXFileReference; lastKnownFileType = sourcecode.swift; path = MultipleSelectionList.swift; sourceTree = "<group>"; };
		C908460C278121CB005E865C /* AddCategoryView.swift */ = {isa = PBXFileReference; lastKnownFileType = sourcecode.swift; path = AddCategoryView.swift; sourceTree = "<group>"; };
		C908460E27812950005E865C /* SFSymbols.swift */ = {isa = PBXFileReference; lastKnownFileType = sourcecode.swift; path = SFSymbols.swift; sourceTree = "<group>"; };
		C95A31F22787BFE3000F561B /* LottieView.swift */ = {isa = PBXFileReference; lastKnownFileType = sourcecode.swift; path = LottieView.swift; sourceTree = "<group>"; };
		C95A320B2787CEB1000F561B /* OpenInUrlyAction.appex */ = {isa = PBXFileReference; explicitFileType = "wrapper.app-extension"; includeInIndex = 0; path = OpenInUrlyAction.appex; sourceTree = BUILT_PRODUCTS_DIR; };
		C95A320D2787CEB1000F561B /* UniformTypeIdentifiers.framework */ = {isa = PBXFileReference; lastKnownFileType = wrapper.framework; name = UniformTypeIdentifiers.framework; path = System/Library/Frameworks/UniformTypeIdentifiers.framework; sourceTree = SDKROOT; };
		C95A32102787CEB1000F561B /* Media.xcassets */ = {isa = PBXFileReference; lastKnownFileType = folder.assetcatalog; path = Media.xcassets; sourceTree = "<group>"; };
		C95A32122787CEB1000F561B /* ActionViewController.swift */ = {isa = PBXFileReference; lastKnownFileType = sourcecode.swift; path = ActionViewController.swift; sourceTree = "<group>"; };
		C95A32152787CEB1000F561B /* Base */ = {isa = PBXFileReference; lastKnownFileType = file.storyboard; name = Base; path = Base.lproj/MainInterface.storyboard; sourceTree = "<group>"; };
		C95A32172787CEB1000F561B /* Info.plist */ = {isa = PBXFileReference; lastKnownFileType = text.plist.xml; path = Info.plist; sourceTree = "<group>"; };
		C963ACE62774B9BD000D6461 /* Urly.app */ = {isa = PBXFileReference; explicitFileType = wrapper.application; includeInIndex = 0; path = Urly.app; sourceTree = BUILT_PRODUCTS_DIR; };
		C963ACE92774B9BD000D6461 /* AppDelegate.swift */ = {isa = PBXFileReference; lastKnownFileType = sourcecode.swift; path = AppDelegate.swift; sourceTree = "<group>"; };
		C963ACEB2774B9BD000D6461 /* SceneDelegate.swift */ = {isa = PBXFileReference; lastKnownFileType = sourcecode.swift; path = SceneDelegate.swift; sourceTree = "<group>"; };
		C963ACF32774B9BD000D6461 /* Urly.xcdatamodel */ = {isa = PBXFileReference; lastKnownFileType = wrapper.xcdatamodel; path = Urly.xcdatamodel; sourceTree = "<group>"; };
		C963ACF52774B9BE000D6461 /* Assets.xcassets */ = {isa = PBXFileReference; lastKnownFileType = folder.assetcatalog; path = Assets.xcassets; sourceTree = "<group>"; };
		C963ACF82774B9BE000D6461 /* Base */ = {isa = PBXFileReference; lastKnownFileType = file.storyboard; name = Base; path = Base.lproj/LaunchScreen.storyboard; sourceTree = "<group>"; };
		C963ACFA2774B9BE000D6461 /* Info.plist */ = {isa = PBXFileReference; lastKnownFileType = text.plist.xml; path = Info.plist; sourceTree = "<group>"; };
		C963AD002774BFD8000D6461 /* HomeView.swift */ = {isa = PBXFileReference; lastKnownFileType = sourcecode.swift; path = HomeView.swift; sourceTree = "<group>"; };
		C963AD022774D4B3000D6461 /* LinkCellView.swift */ = {isa = PBXFileReference; lastKnownFileType = sourcecode.swift; path = LinkCellView.swift; sourceTree = "<group>"; };
		C963AD042774D9EF000D6461 /* MetaFetcher.swift */ = {isa = PBXFileReference; lastKnownFileType = sourcecode.swift; path = MetaFetcher.swift; sourceTree = "<group>"; };
		C977D089278519360015169D /* LinkCounterText.swift */ = {isa = PBXFileReference; lastKnownFileType = sourcecode.swift; path = LinkCounterText.swift; sourceTree = "<group>"; };
		C984951C2781D447003C2A61 /* LinkList.swift */ = {isa = PBXFileReference; lastKnownFileType = sourcecode.swift; path = LinkList.swift; sourceTree = "<group>"; };
		C984951E2781D486003C2A61 /* LinkListViewModel.swift */ = {isa = PBXFileReference; lastKnownFileType = sourcecode.swift; path = LinkListViewModel.swift; sourceTree = "<group>"; };
		C98B0666277BD4BA00939B71 /* AwareBackgroundColor.swift */ = {isa = PBXFileReference; lastKnownFileType = sourcecode.swift; path = AwareBackgroundColor.swift; sourceTree = "<group>"; };
		C9A9762D27837B5000B5AC1E /* LinkDetailView.swift */ = {isa = PBXFileReference; lastKnownFileType = sourcecode.swift; path = LinkDetailView.swift; sourceTree = "<group>"; };
		C9DACA452777A09E00F20A9C /* MainFolder.swift */ = {isa = PBXFileReference; lastKnownFileType = sourcecode.swift; path = MainFolder.swift; sourceTree = "<group>"; };
		C9DACA472777A0C600F20A9C /* SectionTitle.swift */ = {isa = PBXFileReference; lastKnownFileType = sourcecode.swift; path = SectionTitle.swift; sourceTree = "<group>"; };
		C9DACA4B2777A2CF00F20A9C /* Tag.swift */ = {isa = PBXFileReference; lastKnownFileType = sourcecode.swift; path = Tag.swift; sourceTree = "<group>"; };
		C9DACA4D2777AD5000F20A9C /* Link.swift */ = {isa = PBXFileReference; lastKnownFileType = sourcecode.swift; path = Link.swift; sourceTree = "<group>"; };
		C9DACA4F2777AD5800F20A9C /* Group.swift */ = {isa = PBXFileReference; lastKnownFileType = sourcecode.swift; path = Group.swift; sourceTree = "<group>"; };
		C9DACA512777B63600F20A9C /* BottomBarButtonConfig.swift */ = {isa = PBXFileReference; lastKnownFileType = sourcecode.swift; path = BottomBarButtonConfig.swift; sourceTree = "<group>"; };
		C9DACA532777B8F100F20A9C /* ListLabelImage.swift */ = {isa = PBXFileReference; lastKnownFileType = sourcecode.swift; path = ListLabelImage.swift; sourceTree = "<group>"; };
		C9DACA552777BABB00F20A9C /* +Color.swift */ = {isa = PBXFileReference; lastKnownFileType = sourcecode.swift; path = "+Color.swift"; sourceTree = "<group>"; };
		C9DACA582777C5CB00F20A9C /* HomeViewModel.swift */ = {isa = PBXFileReference; lastKnownFileType = sourcecode.swift; path = HomeViewModel.swift; sourceTree = "<group>"; };
		C9DACA5A2777D28000F20A9C /* AddLinkView.swift */ = {isa = PBXFileReference; lastKnownFileType = sourcecode.swift; path = AddLinkView.swift; sourceTree = "<group>"; };
		C9FCEA8C27813E5700E44791 /* TagStorage.swift */ = {isa = PBXFileReference; lastKnownFileType = sourcecode.swift; path = TagStorage.swift; sourceTree = "<group>"; };
		C9FCEA8E27813F0400E44791 /* Persistence.swift */ = {isa = PBXFileReference; lastKnownFileType = sourcecode.swift; path = Persistence.swift; sourceTree = "<group>"; };
		C9FCEA90278141C400E44791 /* GroupStorage.swift */ = {isa = PBXFileReference; lastKnownFileType = sourcecode.swift; path = GroupStorage.swift; sourceTree = "<group>"; };
		C9FCEA9227815BF500E44791 /* LinkStorage.swift */ = {isa = PBXFileReference; lastKnownFileType = sourcecode.swift; path = LinkStorage.swift; sourceTree = "<group>"; };
		C9FCEA9427815F1F00E44791 /* SelectionList.swift */ = {isa = PBXFileReference; lastKnownFileType = sourcecode.swift; path = SelectionList.swift; sourceTree = "<group>"; };
/* End PBXFileReference section */

/* Begin PBXFrameworksBuildPhase section */
		C95A32082787CEB1000F561B /* Frameworks */ = {
			isa = PBXFrameworksBuildPhase;
			buildActionMask = 2147483647;
			files = (
				C95A320E2787CEB1000F561B /* UniformTypeIdentifiers.framework in Frameworks */,
			);
			runOnlyForDeploymentPostprocessing = 0;
		};
		C963ACE32774B9BD000D6461 /* Frameworks */ = {
			isa = PBXFrameworksBuildPhase;
			buildActionMask = 2147483647;
			files = (
				C98B0665277BCA4A00939B71 /* SwiftSoup in Frameworks */,
				C95A31F12787BFD5000F561B /* Lottie in Frameworks */,
			);
			runOnlyForDeploymentPostprocessing = 0;
		};
/* End PBXFrameworksBuildPhase section */

/* Begin PBXGroup section */
		C95A320C2787CEB1000F561B /* Frameworks */ = {
			isa = PBXGroup;
			children = (
				C95A320D2787CEB1000F561B /* UniformTypeIdentifiers.framework */,
			);
			name = Frameworks;
			sourceTree = "<group>";
		};
		C95A320F2787CEB1000F561B /* OpenInUrlyAction */ = {
			isa = PBXGroup;
			children = (
				C95A32102787CEB1000F561B /* Media.xcassets */,
				C95A32122787CEB1000F561B /* ActionViewController.swift */,
				C95A32142787CEB1000F561B /* MainInterface.storyboard */,
				C95A32172787CEB1000F561B /* Info.plist */,
			);
			path = OpenInUrlyAction;
			sourceTree = "<group>";
		};
		C963ACDD2774B9BD000D6461 = {
			isa = PBXGroup;
			children = (
				C963ACE82774B9BD000D6461 /* Urly */,
				C95A320F2787CEB1000F561B /* OpenInUrlyAction */,
				C95A320C2787CEB1000F561B /* Frameworks */,
				C963ACE72774B9BD000D6461 /* Products */,
			);
			sourceTree = "<group>";
		};
		C963ACE72774B9BD000D6461 /* Products */ = {
			isa = PBXGroup;
			children = (
				C963ACE62774B9BD000D6461 /* Urly.app */,
				C95A320B2787CEB1000F561B /* OpenInUrlyAction.appex */,
			);
			name = Products;
			sourceTree = "<group>";
		};
		C963ACE82774B9BD000D6461 /* Urly */ = {
			isa = PBXGroup;
			children = (
				C977D0882785062A0015169D /* Shared */,
				C9DACA572777C5BD00F20A9C /* ViewModel */,
				C963AD082774DC33000D6461 /* Views */,
				C963AD062774DC0D000D6461 /* ViewControllers */,
				C963ACE92774B9BD000D6461 /* AppDelegate.swift */,
				C963ACEB2774B9BD000D6461 /* SceneDelegate.swift */,
				C963ACF52774B9BE000D6461 /* Assets.xcassets */,
				C963ACF72774B9BE000D6461 /* LaunchScreen.storyboard */,
				C963ACFA2774B9BE000D6461 /* Info.plist */,
				C963ACF22774B9BD000D6461 /* Urly.xcdatamodeld */,
			);
			path = Urly;
			sourceTree = "<group>";
		};
		C963AD062774DC0D000D6461 /* ViewControllers */ = {
			isa = PBXGroup;
			children = (
				C963AD002774BFD8000D6461 /* HomeView.swift */,
				C9DACA5A2777D28000F20A9C /* AddLinkView.swift */,
				C908460A27811463005E865C /* MultipleSelectionList.swift */,
				C908460C278121CB005E865C /* AddCategoryView.swift */,
				C9FCEA9427815F1F00E44791 /* SelectionList.swift */,
				C984951C2781D447003C2A61 /* LinkList.swift */,
				C9A9762D27837B5000B5AC1E /* LinkDetailView.swift */,
			);
			path = ViewControllers;
			sourceTree = "<group>";
		};
		C963AD072774DC1E000D6461 /* Utils */ = {
			isa = PBXGroup;
			children = (
				C963AD042774D9EF000D6461 /* MetaFetcher.swift */,
				C9DACA552777BABB00F20A9C /* +Color.swift */,
				C908460E27812950005E865C /* SFSymbols.swift */,
				C90495D22782736F001C2DD3 /* +UIScreen.swift */,
			);
			path = Utils;
			sourceTree = "<group>";
		};
		C963AD082774DC33000D6461 /* Views */ = {
			isa = PBXGroup;
			children = (
				C9DACA492777A0D000F20A9C /* Modifiers */,
				C963AD022774D4B3000D6461 /* LinkCellView.swift */,
				C977D089278519360015169D /* LinkCounterText.swift */,
				C95A31F22787BFE3000F561B /* LottieView.swift */,
			);
			path = Views;
			sourceTree = "<group>";
		};
		C977D0882785062A0015169D /* Shared */ = {
			isa = PBXGroup;
			children = (
				C9FCEA8E27813F0400E44791 /* Persistence.swift */,
				C963AD072774DC1E000D6461 /* Utils */,
				C9DACA4A2777A2C100F20A9C /* Model */,
				C98495202781DD5A003C2A61 /* CodeDataControllers */,
			);
			path = Shared;
			sourceTree = "<group>";
		};
		C98495202781DD5A003C2A61 /* CodeDataControllers */ = {
			isa = PBXGroup;
			children = (
				C9FCEA8C27813E5700E44791 /* TagStorage.swift */,
				C9FCEA90278141C400E44791 /* GroupStorage.swift */,
				C9FCEA9227815BF500E44791 /* LinkStorage.swift */,
			);
			path = CodeDataControllers;
			sourceTree = "<group>";
		};
		C9DACA492777A0D000F20A9C /* Modifiers */ = {
			isa = PBXGroup;
			children = (
				C9DACA472777A0C600F20A9C /* SectionTitle.swift */,
				C9DACA512777B63600F20A9C /* BottomBarButtonConfig.swift */,
				C9DACA532777B8F100F20A9C /* ListLabelImage.swift */,
				C98B0666277BD4BA00939B71 /* AwareBackgroundColor.swift */,
			);
			path = Modifiers;
			sourceTree = "<group>";
		};
		C9DACA4A2777A2C100F20A9C /* Model */ = {
			isa = PBXGroup;
			children = (
				C9DACA452777A09E00F20A9C /* MainFolder.swift */,
				C9DACA4B2777A2CF00F20A9C /* Tag.swift */,
				C9DACA4D2777AD5000F20A9C /* Link.swift */,
				C9DACA4F2777AD5800F20A9C /* Group.swift */,
			);
			path = Model;
			sourceTree = "<group>";
		};
		C9DACA572777C5BD00F20A9C /* ViewModel */ = {
			isa = PBXGroup;
			children = (
				C9DACA582777C5CB00F20A9C /* HomeViewModel.swift */,
				C90846082780D7E2005E865C /* URLManager.swift */,
				C984951E2781D486003C2A61 /* LinkListViewModel.swift */,
			);
			path = ViewModel;
			sourceTree = "<group>";
		};
/* End PBXGroup section */

/* Begin PBXNativeTarget section */
		C95A320A2787CEB1000F561B /* OpenInUrlyAction */ = {
			isa = PBXNativeTarget;
			buildConfigurationList = C95A321B2787CEB1000F561B /* Build configuration list for PBXNativeTarget "OpenInUrlyAction" */;
			buildPhases = (
				C95A32072787CEB1000F561B /* Sources */,
				C95A32082787CEB1000F561B /* Frameworks */,
				C95A32092787CEB1000F561B /* Resources */,
			);
			buildRules = (
			);
			dependencies = (
			);
			name = OpenInUrlyAction;
			productName = OpenInUrlyAction;
			productReference = C95A320B2787CEB1000F561B /* OpenInUrlyAction.appex */;
			productType = "com.apple.product-type.app-extension";
		};
		C963ACE52774B9BD000D6461 /* Urly */ = {
			isa = PBXNativeTarget;
			buildConfigurationList = C963ACFD2774B9BE000D6461 /* Build configuration list for PBXNativeTarget "Urly" */;
			buildPhases = (
				C963ACE22774B9BD000D6461 /* Sources */,
				C963ACE32774B9BD000D6461 /* Frameworks */,
				C963ACE42774B9BD000D6461 /* Resources */,
				C95A32062787C386000F561B /* Embed App Extensions */,
			);
			buildRules = (
			);
			dependencies = (
				C95A32192787CEB1000F561B /* PBXTargetDependency */,
			);
			name = Urly;
			packageProductDependencies = (
				C98B0664277BCA4A00939B71 /* SwiftSoup */,
				C95A31F02787BFD5000F561B /* Lottie */,
			);
			productName = Urly;
			productReference = C963ACE62774B9BD000D6461 /* Urly.app */;
			productType = "com.apple.product-type.application";
		};
/* End PBXNativeTarget section */

/* Begin PBXProject section */
		C963ACDE2774B9BD000D6461 /* Project object */ = {
			isa = PBXProject;
			attributes = {
				BuildIndependentTargetsInParallel = 1;
				LastSwiftUpdateCheck = 1320;
				LastUpgradeCheck = 1310;
				TargetAttributes = {
					C95A320A2787CEB1000F561B = {
						CreatedOnToolsVersion = 13.2.1;
					};
					C963ACE52774B9BD000D6461 = {
						CreatedOnToolsVersion = 13.1;
					};
				};
			};
			buildConfigurationList = C963ACE12774B9BD000D6461 /* Build configuration list for PBXProject "Urly" */;
			compatibilityVersion = "Xcode 13.0";
			developmentRegion = en;
			hasScannedForEncodings = 0;
			knownRegions = (
				en,
				Base,
			);
			mainGroup = C963ACDD2774B9BD000D6461;
			packageReferences = (
				C98B0663277BCA4A00939B71 /* XCRemoteSwiftPackageReference "SwiftSoup" */,
				C95A31EF2787BFD5000F561B /* XCRemoteSwiftPackageReference "lottie-ios" */,
			);
			productRefGroup = C963ACE72774B9BD000D6461 /* Products */;
			projectDirPath = "";
			projectRoot = "";
			targets = (
				C963ACE52774B9BD000D6461 /* Urly */,
				C95A320A2787CEB1000F561B /* OpenInUrlyAction */,
			);
		};
/* End PBXProject section */

/* Begin PBXResourcesBuildPhase section */
		C95A32092787CEB1000F561B /* Resources */ = {
			isa = PBXResourcesBuildPhase;
			buildActionMask = 2147483647;
			files = (
				C95A32112787CEB1000F561B /* Media.xcassets in Resources */,
				C95A32162787CEB1000F561B /* MainInterface.storyboard in Resources */,
			);
			runOnlyForDeploymentPostprocessing = 0;
		};
		C963ACE42774B9BD000D6461 /* Resources */ = {
			isa = PBXResourcesBuildPhase;
			buildActionMask = 2147483647;
			files = (
				C963ACF92774B9BE000D6461 /* LaunchScreen.storyboard in Resources */,
				C963ACF62774B9BE000D6461 /* Assets.xcassets in Resources */,
			);
			runOnlyForDeploymentPostprocessing = 0;
		};
/* End PBXResourcesBuildPhase section */

/* Begin PBXSourcesBuildPhase section */
		C95A32072787CEB1000F561B /* Sources */ = {
			isa = PBXSourcesBuildPhase;
			buildActionMask = 2147483647;
			files = (
				C95A32132787CEB1000F561B /* ActionViewController.swift in Sources */,
			);
			runOnlyForDeploymentPostprocessing = 0;
		};
		C963ACE22774B9BD000D6461 /* Sources */ = {
			isa = PBXSourcesBuildPhase;
			buildActionMask = 2147483647;
			files = (
				C908460F27812950005E865C /* SFSymbols.swift in Sources */,
				C908460D278121CB005E865C /* AddCategoryView.swift in Sources */,
				C963ACF42774B9BD000D6461 /* Urly.xcdatamodeld in Sources */,
				C98B0667277BD4BA00939B71 /* AwareBackgroundColor.swift in Sources */,
				C9A9762E27837B5000B5AC1E /* LinkDetailView.swift in Sources */,
				C9DACA562777BABB00F20A9C /* +Color.swift in Sources */,
				C9FCEA9527815F1F00E44791 /* SelectionList.swift in Sources */,
				C9FCEA91278141C400E44791 /* GroupStorage.swift in Sources */,
				C90495D32782736F001C2DD3 /* +UIScreen.swift in Sources */,
				C9DACA592777C5CB00F20A9C /* HomeViewModel.swift in Sources */,
				C9DACA4C2777A2CF00F20A9C /* Tag.swift in Sources */,
				C9DACA502777AD5800F20A9C /* Group.swift in Sources */,
				C963ACEA2774B9BD000D6461 /* AppDelegate.swift in Sources */,
				C984951D2781D447003C2A61 /* LinkList.swift in Sources */,
				C9DACA4E2777AD5000F20A9C /* Link.swift in Sources */,
				C963AD012774BFD8000D6461 /* HomeView.swift in Sources */,
				C9DACA522777B63600F20A9C /* BottomBarButtonConfig.swift in Sources */,
				C9FCEA8D27813E5700E44791 /* TagStorage.swift in Sources */,
				C9DACA462777A09E00F20A9C /* MainFolder.swift in Sources */,
				C908460B27811463005E865C /* MultipleSelectionList.swift in Sources */,
				C9DACA482777A0C600F20A9C /* SectionTitle.swift in Sources */,
				C90846092780D7E2005E865C /* URLManager.swift in Sources */,
				C9DACA542777B8F100F20A9C /* ListLabelImage.swift in Sources */,
				C95A31F32787BFE3000F561B /* LottieView.swift in Sources */,
				C9FCEA8F27813F0400E44791 /* Persistence.swift in Sources */,
				C984951F2781D486003C2A61 /* LinkListViewModel.swift in Sources */,
				C9DACA5B2777D28000F20A9C /* AddLinkView.swift in Sources */,
				C963AD032774D4B3000D6461 /* LinkCellView.swift in Sources */,
				C977D08A278519360015169D /* LinkCounterText.swift in Sources */,
				C963AD052774D9EF000D6461 /* MetaFetcher.swift in Sources */,
				C963ACEC2774B9BD000D6461 /* SceneDelegate.swift in Sources */,
				C9FCEA9327815BF500E44791 /* LinkStorage.swift in Sources */,
			);
			runOnlyForDeploymentPostprocessing = 0;
		};
/* End PBXSourcesBuildPhase section */

/* Begin PBXTargetDependency section */
		C95A32192787CEB1000F561B /* PBXTargetDependency */ = {
			isa = PBXTargetDependency;
			target = C95A320A2787CEB1000F561B /* OpenInUrlyAction */;
			targetProxy = C95A32182787CEB1000F561B /* PBXContainerItemProxy */;
		};
/* End PBXTargetDependency section */

/* Begin PBXVariantGroup section */
		C95A32142787CEB1000F561B /* MainInterface.storyboard */ = {
			isa = PBXVariantGroup;
			children = (
				C95A32152787CEB1000F561B /* Base */,
			);
			name = MainInterface.storyboard;
			sourceTree = "<group>";
		};
		C963ACF72774B9BE000D6461 /* LaunchScreen.storyboard */ = {
			isa = PBXVariantGroup;
			children = (
				C963ACF82774B9BE000D6461 /* Base */,
			);
			name = LaunchScreen.storyboard;
			sourceTree = "<group>";
		};
/* End PBXVariantGroup section */

/* Begin XCBuildConfiguration section */
		C95A321C2787CEB1000F561B /* Debug */ = {
			isa = XCBuildConfiguration;
			buildSettings = {
				CODE_SIGN_STYLE = Automatic;
				CURRENT_PROJECT_VERSION = 1;
				DEVELOPMENT_TEAM = H89RFW5UZ6;
				GENERATE_INFOPLIST_FILE = YES;
				INFOPLIST_FILE = OpenInUrlyAction/Info.plist;
				INFOPLIST_KEY_CFBundleDisplayName = OpenInUrlyAction;
				INFOPLIST_KEY_NSHumanReadableCopyright = "";
				IPHONEOS_DEPLOYMENT_TARGET = 15.2;
				LD_RUNPATH_SEARCH_PATHS = (
					"$(inherited)",
					"@executable_path/Frameworks",
					"@executable_path/../../Frameworks",
				);
				MARKETING_VERSION = 1.0;
				PRODUCT_BUNDLE_IDENTIFIER = com.mattrighetti.Urly.OpenInUrlyAction;
				PRODUCT_NAME = "$(TARGET_NAME)";
				SKIP_INSTALL = YES;
				SWIFT_EMIT_LOC_STRINGS = YES;
				SWIFT_VERSION = 5.0;
				TARGETED_DEVICE_FAMILY = "1,2";
			};
			name = Debug;
		};
		C95A321D2787CEB1000F561B /* Release */ = {
			isa = XCBuildConfiguration;
			buildSettings = {
				CODE_SIGN_STYLE = Automatic;
				CURRENT_PROJECT_VERSION = 1;
				DEVELOPMENT_TEAM = H89RFW5UZ6;
				GENERATE_INFOPLIST_FILE = YES;
				INFOPLIST_FILE = OpenInUrlyAction/Info.plist;
				INFOPLIST_KEY_CFBundleDisplayName = OpenInUrlyAction;
				INFOPLIST_KEY_NSHumanReadableCopyright = "";
				IPHONEOS_DEPLOYMENT_TARGET = 15.2;
				LD_RUNPATH_SEARCH_PATHS = (
					"$(inherited)",
					"@executable_path/Frameworks",
					"@executable_path/../../Frameworks",
				);
				MARKETING_VERSION = 1.0;
				PRODUCT_BUNDLE_IDENTIFIER = com.mattrighetti.Urly.OpenInUrlyAction;
				PRODUCT_NAME = "$(TARGET_NAME)";
				SKIP_INSTALL = YES;
				SWIFT_EMIT_LOC_STRINGS = YES;
				SWIFT_VERSION = 5.0;
				TARGETED_DEVICE_FAMILY = "1,2";
			};
			name = Release;
		};
		C963ACFB2774B9BE000D6461 /* Debug */ = {
			isa = XCBuildConfiguration;
			buildSettings = {
				ALWAYS_SEARCH_USER_PATHS = NO;
				CLANG_ANALYZER_NONNULL = YES;
				CLANG_ANALYZER_NUMBER_OBJECT_CONVERSION = YES_AGGRESSIVE;
				CLANG_CXX_LANGUAGE_STANDARD = "gnu++17";
				CLANG_CXX_LIBRARY = "libc++";
				CLANG_ENABLE_MODULES = YES;
				CLANG_ENABLE_OBJC_ARC = YES;
				CLANG_ENABLE_OBJC_WEAK = YES;
				CLANG_WARN_BLOCK_CAPTURE_AUTORELEASING = YES;
				CLANG_WARN_BOOL_CONVERSION = YES;
				CLANG_WARN_COMMA = YES;
				CLANG_WARN_CONSTANT_CONVERSION = YES;
				CLANG_WARN_DEPRECATED_OBJC_IMPLEMENTATIONS = YES;
				CLANG_WARN_DIRECT_OBJC_ISA_USAGE = YES_ERROR;
				CLANG_WARN_DOCUMENTATION_COMMENTS = YES;
				CLANG_WARN_EMPTY_BODY = YES;
				CLANG_WARN_ENUM_CONVERSION = YES;
				CLANG_WARN_INFINITE_RECURSION = YES;
				CLANG_WARN_INT_CONVERSION = YES;
				CLANG_WARN_NON_LITERAL_NULL_CONVERSION = YES;
				CLANG_WARN_OBJC_IMPLICIT_RETAIN_SELF = YES;
				CLANG_WARN_OBJC_LITERAL_CONVERSION = YES;
				CLANG_WARN_OBJC_ROOT_CLASS = YES_ERROR;
				CLANG_WARN_QUOTED_INCLUDE_IN_FRAMEWORK_HEADER = YES;
				CLANG_WARN_RANGE_LOOP_ANALYSIS = YES;
				CLANG_WARN_STRICT_PROTOTYPES = YES;
				CLANG_WARN_SUSPICIOUS_MOVE = YES;
				CLANG_WARN_UNGUARDED_AVAILABILITY = YES_AGGRESSIVE;
				CLANG_WARN_UNREACHABLE_CODE = YES;
				CLANG_WARN__DUPLICATE_METHOD_MATCH = YES;
				COPY_PHASE_STRIP = NO;
				DEBUG_INFORMATION_FORMAT = dwarf;
				ENABLE_STRICT_OBJC_MSGSEND = YES;
				ENABLE_TESTABILITY = YES;
				GCC_C_LANGUAGE_STANDARD = gnu11;
				GCC_DYNAMIC_NO_PIC = NO;
				GCC_NO_COMMON_BLOCKS = YES;
				GCC_OPTIMIZATION_LEVEL = 0;
				GCC_PREPROCESSOR_DEFINITIONS = (
					"DEBUG=1",
					"$(inherited)",
				);
				GCC_WARN_64_TO_32_BIT_CONVERSION = YES;
				GCC_WARN_ABOUT_RETURN_TYPE = YES_ERROR;
				GCC_WARN_UNDECLARED_SELECTOR = YES;
				GCC_WARN_UNINITIALIZED_AUTOS = YES_AGGRESSIVE;
				GCC_WARN_UNUSED_FUNCTION = YES;
				GCC_WARN_UNUSED_VARIABLE = YES;
				IPHONEOS_DEPLOYMENT_TARGET = 15.0;
				MTL_ENABLE_DEBUG_INFO = INCLUDE_SOURCE;
				MTL_FAST_MATH = YES;
				ONLY_ACTIVE_ARCH = YES;
				SDKROOT = iphoneos;
				SWIFT_ACTIVE_COMPILATION_CONDITIONS = DEBUG;
				SWIFT_OPTIMIZATION_LEVEL = "-Onone";
			};
			name = Debug;
		};
		C963ACFC2774B9BE000D6461 /* Release */ = {
			isa = XCBuildConfiguration;
			buildSettings = {
				ALWAYS_SEARCH_USER_PATHS = NO;
				CLANG_ANALYZER_NONNULL = YES;
				CLANG_ANALYZER_NUMBER_OBJECT_CONVERSION = YES_AGGRESSIVE;
				CLANG_CXX_LANGUAGE_STANDARD = "gnu++17";
				CLANG_CXX_LIBRARY = "libc++";
				CLANG_ENABLE_MODULES = YES;
				CLANG_ENABLE_OBJC_ARC = YES;
				CLANG_ENABLE_OBJC_WEAK = YES;
				CLANG_WARN_BLOCK_CAPTURE_AUTORELEASING = YES;
				CLANG_WARN_BOOL_CONVERSION = YES;
				CLANG_WARN_COMMA = YES;
				CLANG_WARN_CONSTANT_CONVERSION = YES;
				CLANG_WARN_DEPRECATED_OBJC_IMPLEMENTATIONS = YES;
				CLANG_WARN_DIRECT_OBJC_ISA_USAGE = YES_ERROR;
				CLANG_WARN_DOCUMENTATION_COMMENTS = YES;
				CLANG_WARN_EMPTY_BODY = YES;
				CLANG_WARN_ENUM_CONVERSION = YES;
				CLANG_WARN_INFINITE_RECURSION = YES;
				CLANG_WARN_INT_CONVERSION = YES;
				CLANG_WARN_NON_LITERAL_NULL_CONVERSION = YES;
				CLANG_WARN_OBJC_IMPLICIT_RETAIN_SELF = YES;
				CLANG_WARN_OBJC_LITERAL_CONVERSION = YES;
				CLANG_WARN_OBJC_ROOT_CLASS = YES_ERROR;
				CLANG_WARN_QUOTED_INCLUDE_IN_FRAMEWORK_HEADER = YES;
				CLANG_WARN_RANGE_LOOP_ANALYSIS = YES;
				CLANG_WARN_STRICT_PROTOTYPES = YES;
				CLANG_WARN_SUSPICIOUS_MOVE = YES;
				CLANG_WARN_UNGUARDED_AVAILABILITY = YES_AGGRESSIVE;
				CLANG_WARN_UNREACHABLE_CODE = YES;
				CLANG_WARN__DUPLICATE_METHOD_MATCH = YES;
				COPY_PHASE_STRIP = NO;
				DEBUG_INFORMATION_FORMAT = "dwarf-with-dsym";
				ENABLE_NS_ASSERTIONS = NO;
				ENABLE_STRICT_OBJC_MSGSEND = YES;
				GCC_C_LANGUAGE_STANDARD = gnu11;
				GCC_NO_COMMON_BLOCKS = YES;
				GCC_WARN_64_TO_32_BIT_CONVERSION = YES;
				GCC_WARN_ABOUT_RETURN_TYPE = YES_ERROR;
				GCC_WARN_UNDECLARED_SELECTOR = YES;
				GCC_WARN_UNINITIALIZED_AUTOS = YES_AGGRESSIVE;
				GCC_WARN_UNUSED_FUNCTION = YES;
				GCC_WARN_UNUSED_VARIABLE = YES;
				IPHONEOS_DEPLOYMENT_TARGET = 15.0;
				MTL_ENABLE_DEBUG_INFO = NO;
				MTL_FAST_MATH = YES;
				SDKROOT = iphoneos;
				SWIFT_COMPILATION_MODE = wholemodule;
				SWIFT_OPTIMIZATION_LEVEL = "-O";
				VALIDATE_PRODUCT = YES;
			};
			name = Release;
		};
		C963ACFE2774B9BE000D6461 /* Debug */ = {
			isa = XCBuildConfiguration;
			buildSettings = {
				ALWAYS_EMBED_SWIFT_STANDARD_LIBRARIES = YES;
				ASSETCATALOG_COMPILER_APPICON_NAME = AppIcon;
				ASSETCATALOG_COMPILER_GLOBAL_ACCENT_COLOR_NAME = AccentColor;
				CODE_SIGN_STYLE = Automatic;
				CURRENT_PROJECT_VERSION = 1;
				DEVELOPMENT_TEAM = H89RFW5UZ6;
				GENERATE_INFOPLIST_FILE = YES;
				INFOPLIST_FILE = Urly/Info.plist;
				INFOPLIST_KEY_UIApplicationSupportsIndirectInputEvents = YES;
				INFOPLIST_KEY_UILaunchStoryboardName = LaunchScreen;
				INFOPLIST_KEY_UISupportedInterfaceOrientations = UIInterfaceOrientationPortrait;
				INFOPLIST_KEY_UISupportedInterfaceOrientations_iPad = "UIInterfaceOrientationPortrait UIInterfaceOrientationPortraitUpsideDown UIInterfaceOrientationLandscapeLeft UIInterfaceOrientationLandscapeRight";
				INFOPLIST_KEY_UISupportedInterfaceOrientations_iPhone = "UIInterfaceOrientationPortrait UIInterfaceOrientationLandscapeLeft UIInterfaceOrientationLandscapeRight";
				LD_RUNPATH_SEARCH_PATHS = (
					"$(inherited)",
					"@executable_path/Frameworks",
				);
				MARKETING_VERSION = 1.0;
				PRODUCT_BUNDLE_IDENTIFIER = com.mattrighetti.Urly;
				PRODUCT_NAME = "$(TARGET_NAME)";
				SWIFT_EMIT_LOC_STRINGS = YES;
				SWIFT_VERSION = 5.0;
				TARGETED_DEVICE_FAMILY = "1,2";
			};
			name = Debug;
		};
		C963ACFF2774B9BE000D6461 /* Release */ = {
			isa = XCBuildConfiguration;
			buildSettings = {
				ALWAYS_EMBED_SWIFT_STANDARD_LIBRARIES = YES;
				ASSETCATALOG_COMPILER_APPICON_NAME = AppIcon;
				ASSETCATALOG_COMPILER_GLOBAL_ACCENT_COLOR_NAME = AccentColor;
				CODE_SIGN_STYLE = Automatic;
				CURRENT_PROJECT_VERSION = 1;
				DEVELOPMENT_TEAM = H89RFW5UZ6;
				GENERATE_INFOPLIST_FILE = YES;
				INFOPLIST_FILE = Urly/Info.plist;
				INFOPLIST_KEY_UIApplicationSupportsIndirectInputEvents = YES;
				INFOPLIST_KEY_UILaunchStoryboardName = LaunchScreen;
				INFOPLIST_KEY_UISupportedInterfaceOrientations = UIInterfaceOrientationPortrait;
				INFOPLIST_KEY_UISupportedInterfaceOrientations_iPad = "UIInterfaceOrientationPortrait UIInterfaceOrientationPortraitUpsideDown UIInterfaceOrientationLandscapeLeft UIInterfaceOrientationLandscapeRight";
				INFOPLIST_KEY_UISupportedInterfaceOrientations_iPhone = "UIInterfaceOrientationPortrait UIInterfaceOrientationLandscapeLeft UIInterfaceOrientationLandscapeRight";
				LD_RUNPATH_SEARCH_PATHS = (
					"$(inherited)",
					"@executable_path/Frameworks",
				);
				MARKETING_VERSION = 1.0;
				PRODUCT_BUNDLE_IDENTIFIER = com.mattrighetti.Urly;
				PRODUCT_NAME = "$(TARGET_NAME)";
				SWIFT_EMIT_LOC_STRINGS = YES;
				SWIFT_VERSION = 5.0;
				TARGETED_DEVICE_FAMILY = "1,2";
			};
			name = Release;
		};
/* End XCBuildConfiguration section */

/* Begin XCConfigurationList section */
		C95A321B2787CEB1000F561B /* Build configuration list for PBXNativeTarget "OpenInUrlyAction" */ = {
			isa = XCConfigurationList;
			buildConfigurations = (
				C95A321C2787CEB1000F561B /* Debug */,
				C95A321D2787CEB1000F561B /* Release */,
			);
			defaultConfigurationIsVisible = 0;
			defaultConfigurationName = Release;
		};
		C963ACE12774B9BD000D6461 /* Build configuration list for PBXProject "Urly" */ = {
			isa = XCConfigurationList;
			buildConfigurations = (
				C963ACFB2774B9BE000D6461 /* Debug */,
				C963ACFC2774B9BE000D6461 /* Release */,
			);
			defaultConfigurationIsVisible = 0;
			defaultConfigurationName = Release;
		};
		C963ACFD2774B9BE000D6461 /* Build configuration list for PBXNativeTarget "Urly" */ = {
			isa = XCConfigurationList;
			buildConfigurations = (
				C963ACFE2774B9BE000D6461 /* Debug */,
				C963ACFF2774B9BE000D6461 /* Release */,
			);
			defaultConfigurationIsVisible = 0;
			defaultConfigurationName = Release;
		};
/* End XCConfigurationList section */

/* Begin XCRemoteSwiftPackageReference section */
		C95A31EF2787BFD5000F561B /* XCRemoteSwiftPackageReference "lottie-ios" */ = {
			isa = XCRemoteSwiftPackageReference;
			repositoryURL = "https://github.com/airbnb/lottie-ios";
			requirement = {
				kind = upToNextMajorVersion;
				minimumVersion = 3.0.0;
			};
		};
		C98B0663277BCA4A00939B71 /* XCRemoteSwiftPackageReference "SwiftSoup" */ = {
			isa = XCRemoteSwiftPackageReference;
			repositoryURL = "https://github.com/scinfu/SwiftSoup";
			requirement = {
				kind = upToNextMajorVersion;
				minimumVersion = 2.0.0;
			};
		};
/* End XCRemoteSwiftPackageReference section */

/* Begin XCSwiftPackageProductDependency section */
		C95A31F02787BFD5000F561B /* Lottie */ = {
			isa = XCSwiftPackageProductDependency;
			package = C95A31EF2787BFD5000F561B /* XCRemoteSwiftPackageReference "lottie-ios" */;
			productName = Lottie;
		};
		C98B0664277BCA4A00939B71 /* SwiftSoup */ = {
			isa = XCSwiftPackageProductDependency;
			package = C98B0663277BCA4A00939B71 /* XCRemoteSwiftPackageReference "SwiftSoup" */;
			productName = SwiftSoup;
		};
/* End XCSwiftPackageProductDependency section */

/* Begin XCVersionGroup section */
		C963ACF22774B9BD000D6461 /* Urly.xcdatamodeld */ = {
			isa = XCVersionGroup;
			children = (
				C963ACF32774B9BD000D6461 /* Urly.xcdatamodel */,
			);
			currentVersion = C963ACF32774B9BD000D6461 /* Urly.xcdatamodel */;
			path = Urly.xcdatamodeld;
			sourceTree = "<group>";
			versionGroupType = wrapper.xcdatamodel;
		};
/* End XCVersionGroup section */
	};
	rootObject = C963ACDE2774B9BD000D6461 /* Project object */;
}
